
Microsoft Visual Studio Solution File, Format Version 12.00
# Visual Studio Version 16
VisualStudioVersion = 16.0.30309.148
MinimumVisualStudioVersion = 10.0.40219.1
Project("{FAE04EC0-301F-11D3-BF4B-00C04F79EFBC}") = "TireStoreAPI", "TireStoreAPI\TireStoreAPI.csproj", "{3B5607AB-F3F8-4C0C-81CB-39163ACF8529}"
EndProject
Global
	GlobalSection(SolutionConfigurationPlatforms) = preSolution
		Debug|Any CPU = Debug|Any CPU
		Release|Any CPU = Release|Any CPU
	EndGlobalSection
	GlobalSection(ProjectConfigurationPlatforms) = postSolution
		{3B5607AB-F3F8-4C0C-81CB-39163ACF8529}.Debug|Any CPU.ActiveCfg = Debug|Any CPU
		{3B5607AB-F3F8-4C0C-81CB-39163ACF8529}.Debug|Any CPU.Build.0 = Debug|Any CPU
		{3B5607AB-F3F8-4C0C-81CB-39163ACF8529}.Release|Any CPU.ActiveCfg = Release|Any CPU
		{3B5607AB-F3F8-4C0C-81CB-39163ACF8529}.Release|Any CPU.Build.0 = Release|Any CPU
	EndGlobalSection
	GlobalSection(SolutionProperties) = preSolution
		HideSolutionNode = FALSE
	EndGlobalSection
	GlobalSection(ExtensibilityGlobals) = postSolution
		SolutionGuid = {1119370E-D118-443E-B0FC-7A714A49C323}
	EndGlobalSection
EndGlobal
